{
    "_readme": [
        "This file locks the dependencies of your project to a known state",
        "Read more about it at https://getcomposer.org/doc/01-basic-usage.md#installing-dependencies",
        "This file is @generated automatically"
    ],
    "content-hash": "add4ef5066b65556cef8c01686f2d9fb",
    "packages": [
        {
            "name": "league/iso3166",
            "version": "3.0.0",
            "source": {
                "type": "git",
                "url": "https://github.com/thephpleague/iso3166.git",
                "reference": "9976d382f270ad3f3df8a68719beb7a7179ffa1e"
            },
            "dist": {
                "type": "zip",
                "url": "https://api.github.com/repos/thephpleague/iso3166/zipball/9976d382f270ad3f3df8a68719beb7a7179ffa1e",
                "reference": "9976d382f270ad3f3df8a68719beb7a7179ffa1e",
                "shasum": ""
            },
            "require": {
                "php": "^7.3|^8.0"
            },
            "require-dev": {
                "phpunit/phpunit": "^9.0"
            },
            "type": "library",
            "extra": {
                "branch-alias": {
                    "dev-master": "3.x-dev"
                }
            },
            "autoload": {
                "psr-4": {
                    "League\\ISO3166\\": "src"
                }
            },
            "notification-url": "https://packagist.org/downloads/",
            "license": [
                "MIT"
            ],
            "authors": [
                {
                    "name": "Rob Bast",
                    "email": "rob.bast@gmail.com"
                }
            ],
            "description": "ISO 3166-1 PHP Library",
            "homepage": "https://github.com/thephpleague/iso3166",
            "keywords": [
                "3166",
                "3166-1",
                "ISO 3166",
                "countries",
                "iso",
                "library"
            ],
            "support": {
                "issues": "https://github.com/thephpleague/iso3166/issues",
                "source": "https://github.com/thephpleague/iso3166"
            },
            "time": "2020-12-05T06:50:42+00:00"
        }
    ],
    "packages-dev": [],
    "aliases": [],
    "minimum-stability": "stable",
    "stability-flags": [],
    "prefer-stable": false,
    "prefer-lowest": false,
    "platform": [],
    "platform-dev": [],
    "plugin-api-version": "2.0.0"
}
